
Microsoft Visual Studio Solution File, Format Version 12.00
# Visual Studio 15
VisualStudioVersion = 15.0.28307.572
MinimumVisualStudioVersion = 10.0.40219.1
Project("{FAE04EC0-301F-11D3-BF4B-00C04F79EFBC}") = "hofbraco", "hofbraco\hofbraco.csproj", "{EEF30AFA-035B-4280-BFD3-D50104731A0E}"
EndProject
Global
	GlobalSection(SolutionConfigurationPlatforms) = preSolution
		Debug|Any CPU = Debug|Any CPU
		Release|Any CPU = Release|Any CPU
	EndGlobalSection
	GlobalSection(ProjectConfigurationPlatforms) = postSolution
		{EEF30AFA-035B-4280-BFD3-D50104731A0E}.Debug|Any CPU.ActiveCfg = Debug|Any CPU
		{EEF30AFA-035B-4280-BFD3-D50104731A0E}.Debug|Any CPU.Build.0 = Debug|Any CPU
		{EEF30AFA-035B-4280-BFD3-D50104731A0E}.Release|Any CPU.ActiveCfg = Release|Any CPU
		{EEF30AFA-035B-4280-BFD3-D50104731A0E}.Release|Any CPU.Build.0 = Release|Any CPU
	EndGlobalSection
	GlobalSection(SolutionProperties) = preSolution
		HideSolutionNode = FALSE
	EndGlobalSection
	GlobalSection(ExtensibilityGlobals) = postSolution
		SolutionGuid = {CB1CA425-72CF-41AD-B7A6-3C42882B5B78}
	EndGlobalSection
EndGlobal
