
Microsoft Visual Studio Solution File, Format Version 12.00
# Visual Studio Version 16
VisualStudioVersion = 16.0.30114.105
MinimumVisualStudioVersion = 10.0.40219.1
Project("{FAE04EC0-301F-11D3-BF4B-00C04F79EFBC}") = "AngUm", "AngUm\AngUm.csproj", "{720AFA83-F595-4120-8034-9E3B0846805D}"
EndProject
Global
	GlobalSection(SolutionConfigurationPlatforms) = preSolution
		Debug|Any CPU = Debug|Any CPU
		Release|Any CPU = Release|Any CPU
	EndGlobalSection
	GlobalSection(ProjectConfigurationPlatforms) = postSolution
		{720AFA83-F595-4120-8034-9E3B0846805D}.Debug|Any CPU.ActiveCfg = Debug|Any CPU
		{720AFA83-F595-4120-8034-9E3B0846805D}.Debug|Any CPU.Build.0 = Debug|Any CPU
		{720AFA83-F595-4120-8034-9E3B0846805D}.Release|Any CPU.ActiveCfg = Release|Any CPU
		{720AFA83-F595-4120-8034-9E3B0846805D}.Release|Any CPU.Build.0 = Release|Any CPU
	EndGlobalSection
	GlobalSection(SolutionProperties) = preSolution
		HideSolutionNode = FALSE
	EndGlobalSection
	GlobalSection(ExtensibilityGlobals) = postSolution
		SolutionGuid = {89E92A8F-3312-4022-95BD-A100CE6620D9}
	EndGlobalSection
EndGlobal
